<?xml version="1.0" encoding="utf-8"?>
<Project ToolsVersion="4.0" xmlns="http://schemas.microsoft.com/developer/msbuild/2003">
  <ItemGroup>
    <Filter Include="소스 파일">
      <UniqueIdentifier>{4FC737F1-C7A5-4376-A066-2A32D752A2FF}</UniqueIdentifier>
      <Extensions>cpp;c;cc;cxx;c++;cppm;ixx;def;odl;idl;hpj;bat;asm;asmx</Extensions>
    </Filter>
    <Filter Include="헤더 파일">
      <UniqueIdentifier>{93995380-89BD-4b04-88EB-625FBE52EBFB}</UniqueIdentifier>
      <Extensions>h;hh;hpp;hxx;h++;hm;inl;inc;ipp;xsd</Extensions>
    </Filter>
    <Filter Include="리소스 파일">
      <UniqueIdentifier>{67DA6AB6-F800-4c08-8B7A-83BB121AAD01}</UniqueIdentifier>
      <Extensions>rc;ico;cur;bmp;dlg;rc2;rct;bin;rgs;gif;jpg;jpeg;jpe;resx;tiff;tif;png;wav;mfcribbon-ms</Extensions>
    </Filter>
    <Filter Include="소스 파일\00db">
      <UniqueIdentifier>{06a51e3f-e114-49f8-a740-e41a14f37066}</UniqueIdentifier>
    </Filter>
    <Filter Include="소스 파일\00db\00SaveDB">
      <UniqueIdentifier>{436a866e-2f6e-4e12-80b5-1a4d0cd415eb}</UniqueIdentifier>
    </Filter>
    <Filter Include="소스 파일\00db\01LoadDB">
      <UniqueIdentifier>{0f35a188-1a7e-4b97-aae6-9bd97bc60e2d}</UniqueIdentifier>
    </Filter>
    <Filter Include="소스 파일\01Event">
      <UniqueIdentifier>{926ff84b-9577-48fc-9599-1fcdeaf9e2ac}</UniqueIdentifier>
    </Filter>
    <Filter Include="소스 파일\01Event\CHuntingEvent">
      <UniqueIdentifier>{026dfb0d-655b-4876-9475-c981a8860d96}</UniqueIdentifier>
    </Filter>
    <Filter Include="소스 파일\01Event\CHuntingEvent\CHuntingEventDB">
      <UniqueIdentifier>{03bc34b4-468c-4ec3-809f-fdd38f116689}</UniqueIdentifier>
    </Filter>
    <Filter Include="소스 파일\01Event\CHuntingEvent\CHuntingEventScript">
      <UniqueIdentifier>{ce6e34fa-ca75-4d49-967a-b851b04e8015}</UniqueIdentifier>
    </Filter>
  </ItemGroup>
  <ItemGroup>
    <ClCompile Include="소스.cpp">
      <Filter>소스 파일</Filter>
    </ClCompile>
    <ClCompile Include="CDataBase.cpp">
      <Filter>소스 파일\00db</Filter>
    </ClCompile>
    <ClCompile Include="CEvent.cpp">
      <Filter>소스 파일\01Event</Filter>
    </ClCompile>
    <ClCompile Include="CSaveDB.cpp">
      <Filter>소스 파일\00db\00SaveDB</Filter>
    </ClCompile>
    <ClCompile Include="CHuntingEvent.cpp">
      <Filter>소스 파일\01Event\CHuntingEvent</Filter>
    </ClCompile>
    <ClCompile Include="CHuntingEventDB.cpp">
      <Filter>소스 파일\01Event\CHuntingEvent\CHuntingEventDB</Filter>
    </ClCompile>
    <ClCompile Include="CHuntingEventScript.cpp">
      <Filter>소스 파일\01Event\CHuntingEvent\CHuntingEventScript</Filter>
    </ClCompile>
  </ItemGroup>
  <ItemGroup>
    <ClInclude Include="CDataBase.h">
      <Filter>소스 파일\00db</Filter>
    </ClInclude>
    <ClInclude Include="stdafx.h">
      <Filter>헤더 파일</Filter>
    </ClInclude>
    <ClInclude Include="CEvent.h">
      <Filter>소스 파일\01Event</Filter>
    </ClInclude>
    <ClInclude Include="global.h">
      <Filter>헤더 파일</Filter>
    </ClInclude>
    <ClInclude Include="flag.h">
      <Filter>헤더 파일</Filter>
    </ClInclude>
    <ClInclude Include="CSaveDB.h">
      <Filter>소스 파일\00db\00SaveDB</Filter>
    </ClInclude>
    <ClInclude Include="CHuntingEvent.h">
      <Filter>소스 파일\01Event\CHuntingEvent</Filter>
    </ClInclude>
    <ClInclude Include="CHuntingEventDB.h">
      <Filter>소스 파일\01Event\CHuntingEvent\CHuntingEventDB</Filter>
    </ClInclude>
    <ClInclude Include="CHuntingEventScript.h">
      <Filter>소스 파일\01Event\CHuntingEvent\CHuntingEventScript</Filter>
    </ClInclude>
    <ClInclude Include="enum.h">
      <Filter>헤더 파일</Filter>
    </ClInclude>
  </ItemGroup>
</Project>